// !$*UTF8*$!
{
	archiveVersion = 1;
	classes = {
	};
	objectVersion = 46;
	objects = {

/* Begin PBXBuildFile section */
		613E67F51AB07E3B007C21DB /* menu-24.png in Resources */ = {isa = PBXBuildFile; fileRef = 613E67F41AB07E3B007C21DB /* menu-24.png */; };
		613E67FB1AB31F85007C21DB /* CustomCell.swift in Sources */ = {isa = PBXBuildFile; fileRef = 613E67FA1AB31F85007C21DB /* CustomCell.swift */; };
		613E67FD1AB320AD007C21DB /* HomeScreen.swift in Sources */ = {isa = PBXBuildFile; fileRef = 613E67FC1AB320AD007C21DB /* HomeScreen.swift */; };
		613E67FF1AB32170007C21DB /* Category.swift in Sources */ = {isa = PBXBuildFile; fileRef = 613E67FE1AB32170007C21DB /* Category.swift */; };
		613E68051AB32C82007C21DB /* NewsScreen.swift in Sources */ = {isa = PBXBuildFile; fileRef = 613E68041AB32C82007C21DB /* NewsScreen.swift */; };
		613E680C1AB3913C007C21DB /* img1.png in Resources */ = {isa = PBXBuildFile; fileRef = 613E680B1AB3913C007C21DB /* img1.png */; };
		613E680E1AB39377007C21DB /* img2.png in Resources */ = {isa = PBXBuildFile; fileRef = 613E680D1AB39377007C21DB /* img2.png */; };
		613E68121AB394E3007C21DB /* img3.png in Resources */ = {isa = PBXBuildFile; fileRef = 613E68111AB394E3007C21DB /* img3.png */; };
		613E68141AB39554007C21DB /* img4.png in Resources */ = {isa = PBXBuildFile; fileRef = 613E68131AB39554007C21DB /* img4.png */; };
		613E68161AB3957D007C21DB /* img5.png in Resources */ = {isa = PBXBuildFile; fileRef = 613E68151AB3957D007C21DB /* img5.png */; };
		613E68181AB4A639007C21DB /* GymDanmarkTumbling.png in Resources */ = {isa = PBXBuildFile; fileRef = 613E68171AB4A639007C21DB /* GymDanmarkTumbling.png */; };
		613E68201AB4C084007C21DB /* TopTumblersScreen.swift in Sources */ = {isa = PBXBuildFile; fileRef = 613E681F1AB4C084007C21DB /* TopTumblersScreen.swift */; };
		613E68221AB4C0A5007C21DB /* RecordsScreen.swift in Sources */ = {isa = PBXBuildFile; fileRef = 613E68211AB4C0A5007C21DB /* RecordsScreen.swift */; };
		613E68241AB4C0BB007C21DB /* VideoScreen.swift in Sources */ = {isa = PBXBuildFile; fileRef = 613E68231AB4C0BB007C21DB /* VideoScreen.swift */; };
		613E68261AB4C0D8007C21DB /* CalenderScreen.swift in Sources */ = {isa = PBXBuildFile; fileRef = 613E68251AB4C0D8007C21DB /* CalenderScreen.swift */; };
		613E68281AB50F67007C21DB /* tumblingimg.png in Resources */ = {isa = PBXBuildFile; fileRef = 613E68271AB50F67007C21DB /* tumblingimg.png */; };
		613E682A1AB615F5007C21DB /* images-4.jpeg in Resources */ = {isa = PBXBuildFile; fileRef = 613E68291AB615F5007C21DB /* images-4.jpeg */; };
		615EF6ED1ACEF8F700FA618A /* SeccondLaunchScreen.swift in Sources */ = {isa = PBXBuildFile; fileRef = 615EF6EC1ACEF8F700FA618A /* SeccondLaunchScreen.swift */; };
		615EF6F41ACFEDA100FA618A /* CustomCellSec.swift in Sources */ = {isa = PBXBuildFile; fileRef = 615EF6F31ACFEDA100FA618A /* CustomCellSec.swift */; };
		616951321ABC49E4009E89A4 /* vmtramptumb2014-foto-fig-13.jpg in Resources */ = {isa = PBXBuildFile; fileRef = 616951311ABC49E4009E89A4 /* vmtramptumb2014-foto-fig-13.jpg */; };
		616951361ABC6378009E89A4 /* Videos.swift in Sources */ = {isa = PBXBuildFile; fileRef = 616951351ABC6377009E89A4 /* Videos.swift */; };
		616951381ABC63AB009E89A4 /* VideoCell.swift in Sources */ = {isa = PBXBuildFile; fileRef = 616951371ABC63AB009E89A4 /* VideoCell.swift */; };
		6169513A1AC16410009E89A4 /* img6.png in Resources */ = {isa = PBXBuildFile; fileRef = 616951391AC16410009E89A4 /* img6.png */; };
		6169513C1AC16592009E89A4 /* ResultScreen.swift in Sources */ = {isa = PBXBuildFile; fileRef = 6169513B1AC16592009E89A4 /* ResultScreen.swift */; };
		6169513E1AC171B3009E89A4 /* Images.xcassets in Resources */ = {isa = PBXBuildFile; fileRef = 6169513D1AC171B3009E89A4 /* Images.xcassets */; };
		61CF0FA11AA8C1300040FCE9 /* AppDelegate.swift in Sources */ = {isa = PBXBuildFile; fileRef = 61CF0FA01AA8C1300040FCE9 /* AppDelegate.swift */; };
		61CF0FA41AA8C1300040FCE9 /* Tumbling_DK.xcdatamodeld in Sources */ = {isa = PBXBuildFile; fileRef = 61CF0FA21AA8C1300040FCE9 /* Tumbling_DK.xcdatamodeld */; };
		61CF0FBA1AA8C1310040FCE9 /* Tumbling_DKTests.swift in Sources */ = {isa = PBXBuildFile; fileRef = 61CF0FB91AA8C1310040FCE9 /* Tumbling_DKTests.swift */; };
		61CF0FC41AA8C1EA0040FCE9 /* Parse.framework in Frameworks */ = {isa = PBXBuildFile; fileRef = 61CF0FC31AA8C1EA0040FCE9 /* Parse.framework */; };
		61CF0FC71AA8C23E0040FCE9 /* AudioToolbox.framework in Frameworks */ = {isa = PBXBuildFile; fileRef = 61CF0FC61AA8C23E0040FCE9 /* AudioToolbox.framework */; };
		61CF0FC91AA8C2480040FCE9 /* CFNetwork.framework in Frameworks */ = {isa = PBXBuildFile; fileRef = 61CF0FC81AA8C2480040FCE9 /* CFNetwork.framework */; };
		61CF0FCB1AA8C2500040FCE9 /* CoreGraphics.framework in Frameworks */ = {isa = PBXBuildFile; fileRef = 61CF0FCA1AA8C2500040FCE9 /* CoreGraphics.framework */; };
		61CF0FCD1AA8C2590040FCE9 /* CoreLocation.framework in Frameworks */ = {isa = PBXBuildFile; fileRef = 61CF0FCC1AA8C2590040FCE9 /* CoreLocation.framework */; };
		61CF0FCF1AA8C2620040FCE9 /* MobileCoreServices.framework in Frameworks */ = {isa = PBXBuildFile; fileRef = 61CF0FCE1AA8C2620040FCE9 /* MobileCoreServices.framework */; };
		61CF0FD11AA8C2690040FCE9 /* QuartzCore.framework in Frameworks */ = {isa = PBXBuildFile; fileRef = 61CF0FD01AA8C2690040FCE9 /* QuartzCore.framework */; };
		61CF0FD31AA8C2700040FCE9 /* Security.framework in Frameworks */ = {isa = PBXBuildFile; fileRef = 61CF0FD21AA8C2700040FCE9 /* Security.framework */; };
		61CF0FD51AA8C2760040FCE9 /* StoreKit.framework in Frameworks */ = {isa = PBXBuildFile; fileRef = 61CF0FD41AA8C2760040FCE9 /* StoreKit.framework */; };
		61CF0FD71AA8C27E0040FCE9 /* SystemConfiguration.framework in Frameworks */ = {isa = PBXBuildFile; fileRef = 61CF0FD61AA8C27E0040FCE9 /* SystemConfiguration.framework */; };
		61CF0FD91AA8C2870040FCE9 /* libz.dylib in Frameworks */ = {isa = PBXBuildFile; fileRef = 61CF0FD81AA8C2870040FCE9 /* libz.dylib */; };
		61CF0FDB1AA8C2900040FCE9 /* libsqlite3.dylib in Frameworks */ = {isa = PBXBuildFile; fileRef = 61CF0FDA1AA8C2900040FCE9 /* libsqlite3.dylib */; };
		61CF0FE11AA8D0160040FCE9 /* ParseFacebookUtils.framework in Frameworks */ = {isa = PBXBuildFile; fileRef = 61CF0FE01AA8D0160040FCE9 /* ParseFacebookUtils.framework */; };
		61CF0FE31AA8D0260040FCE9 /* Bolts.framework in Frameworks */ = {isa = PBXBuildFile; fileRef = 61CF0FE21AA8D0260040FCE9 /* Bolts.framework */; };
		61CF0FE51AA8D03B0040FCE9 /* ParseUI.framework in Frameworks */ = {isa = PBXBuildFile; fileRef = 61CF0FE41AA8D03B0040FCE9 /* ParseUI.framework */; };
		61CF0FE71AA8D05C0040FCE9 /* ParseCrashReporting.framework in Frameworks */ = {isa = PBXBuildFile; fileRef = 61CF0FE61AA8D05C0040FCE9 /* ParseCrashReporting.framework */; };
/* End PBXBuildFile section */

/* Begin PBXContainerItemProxy section */
		61CF0FB41AA8C1310040FCE9 /* PBXContainerItemProxy */ = {
			isa = PBXContainerItemProxy;
			containerPortal = 61CF0F931AA8C1300040FCE9 /* Project object */;
			proxyType = 1;
			remoteGlobalIDString = 61CF0F9A1AA8C1300040FCE9;
			remoteInfo = "Tumbling DK";
		};
/* End PBXContainerItemProxy section */

/* Begin PBXFileReference section */
		613E67F41AB07E3B007C21DB /* menu-24.png */ = {isa = PBXFileReference; lastKnownFileType = image.png; path = "menu-24.png"; sourceTree = "<group>"; };
		613E67FA1AB31F85007C21DB /* CustomCell.swift */ = {isa = PBXFileReference; fileEncoding = 4; lastKnownFileType = sourcecode.swift; name = CustomCell.swift; path = ../CustomCell.swift; sourceTree = "<group>"; };
		613E67FC1AB320AD007C21DB /* HomeScreen.swift */ = {isa = PBXFileReference; fileEncoding = 4; lastKnownFileType = sourcecode.swift; name = HomeScreen.swift; path = ../HomeScreen.swift; sourceTree = "<group>"; };
		613E67FE1AB32170007C21DB /* Category.swift */ = {isa = PBXFileReference; fileEncoding = 4; lastKnownFileType = sourcecode.swift; path = Category.swift; sourceTree = "<group>"; };
		613E68041AB32C82007C21DB /* NewsScreen.swift */ = {isa = PBXFileReference; fileEncoding = 4; lastKnownFileType = sourcecode.swift; path = NewsScreen.swift; sourceTree = "<group>"; };
		613E68091AB36EDC007C21DB /* Base */ = {isa = PBXFileReference; lastKnownFileType = file.storyboard; name = Base; path = Base.lproj/Main.storyboard; sourceTree = "<group>"; };
		613E680B1AB3913C007C21DB /* img1.png */ = {isa = PBXFileReference; lastKnownFileType = image.png; path = img1.png; sourceTree = "<group>"; };
		613E680D1AB39377007C21DB /* img2.png */ = {isa = PBXFileReference; lastKnownFileType = image.png; path = img2.png; sourceTree = "<group>"; };
		613E68111AB394E3007C21DB /* img3.png */ = {isa = PBXFileReference; lastKnownFileType = image.png; path = img3.png; sourceTree = "<group>"; };
		613E68131AB39554007C21DB /* img4.png */ = {isa = PBXFileReference; lastKnownFileType = image.png; path = img4.png; sourceTree = "<group>"; };
		613E68151AB3957D007C21DB /* img5.png */ = {isa = PBXFileReference; lastKnownFileType = image.png; path = img5.png; sourceTree = "<group>"; };
		613E68171AB4A639007C21DB /* GymDanmarkTumbling.png */ = {isa = PBXFileReference; lastKnownFileType = image.png; path = GymDanmarkTumbling.png; sourceTree = "<group>"; };
		613E681F1AB4C084007C21DB /* TopTumblersScreen.swift */ = {isa = PBXFileReference; fileEncoding = 4; lastKnownFileType = sourcecode.swift; name = TopTumblersScreen.swift; path = ../TopTumblersScreen.swift; sourceTree = "<group>"; };
		613E68211AB4C0A5007C21DB /* RecordsScreen.swift */ = {isa = PBXFileReference; fileEncoding = 4; lastKnownFileType = sourcecode.swift; name = RecordsScreen.swift; path = ../RecordsScreen.swift; sourceTree = "<group>"; };
		613E68231AB4C0BB007C21DB /* VideoScreen.swift */ = {isa = PBXFileReference; fileEncoding = 4; lastKnownFileType = sourcecode.swift; name = VideoScreen.swift; path = ../VideoScreen.swift; sourceTree = "<group>"; };
		613E68251AB4C0D8007C21DB /* CalenderScreen.swift */ = {isa = PBXFileReference; fileEncoding = 4; lastKnownFileType = sourcecode.swift; name = CalenderScreen.swift; path = ../CalenderScreen.swift; sourceTree = "<group>"; };
		613E68271AB50F67007C21DB /* tumblingimg.png */ = {isa = PBXFileReference; lastKnownFileType = image.png; path = tumblingimg.png; sourceTree = "<group>"; };
		613E68291AB615F5007C21DB /* images-4.jpeg */ = {isa = PBXFileReference; lastKnownFileType = image.jpeg; path = "images-4.jpeg"; sourceTree = "<group>"; };
		615EF6EC1ACEF8F700FA618A /* SeccondLaunchScreen.swift */ = {isa = PBXFileReference; fileEncoding = 4; lastKnownFileType = sourcecode.swift; path = SeccondLaunchScreen.swift; sourceTree = "<group>"; };
		615EF6F31ACFEDA100FA618A /* CustomCellSec.swift */ = {isa = PBXFileReference; fileEncoding = 4; lastKnownFileType = sourcecode.swift; path = CustomCellSec.swift; sourceTree = "<group>"; };
		616951311ABC49E4009E89A4 /* vmtramptumb2014-foto-fig-13.jpg */ = {isa = PBXFileReference; lastKnownFileType = image.jpeg; path = "vmtramptumb2014-foto-fig-13.jpg"; sourceTree = "<group>"; };
		616951351ABC6377009E89A4 /* Videos.swift */ = {isa = PBXFileReference; fileEncoding = 4; lastKnownFileType = sourcecode.swift; path = Videos.swift; sourceTree = "<group>"; };
		616951371ABC63AB009E89A4 /* VideoCell.swift */ = {isa = PBXFileReference; fileEncoding = 4; lastKnownFileType = sourcecode.swift; path = VideoCell.swift; sourceTree = "<group>"; };
		616951391AC16410009E89A4 /* img6.png */ = {isa = PBXFileReference; lastKnownFileType = image.png; path = img6.png; sourceTree = "<group>"; };
		6169513B1AC16592009E89A4 /* ResultScreen.swift */ = {isa = PBXFileReference; fileEncoding = 4; lastKnownFileType = sourcecode.swift; path = ResultScreen.swift; sourceTree = "<group>"; };
		6169513D1AC171B3009E89A4 /* Images.xcassets */ = {isa = PBXFileReference; lastKnownFileType = folder.assetcatalog; path = Images.xcassets; sourceTree = "<group>"; };
		61CF0F9B1AA8C1300040FCE9 /* Tumbling DK.app */ = {isa = PBXFileReference; explicitFileType = wrapper.application; includeInIndex = 0; path = "Tumbling DK.app"; sourceTree = BUILT_PRODUCTS_DIR; };
		61CF0F9F1AA8C1300040FCE9 /* Info.plist */ = {isa = PBXFileReference; lastKnownFileType = text.plist.xml; path = Info.plist; sourceTree = "<group>"; };
		61CF0FA01AA8C1300040FCE9 /* AppDelegate.swift */ = {isa = PBXFileReference; lastKnownFileType = sourcecode.swift; path = AppDelegate.swift; sourceTree = "<group>"; };
		61CF0FA31AA8C1300040FCE9 /* Tumbling_DK.xcdatamodel */ = {isa = PBXFileReference; lastKnownFileType = wrapper.xcdatamodel; path = Tumbling_DK.xcdatamodel; sourceTree = "<group>"; };
		61CF0FAD1AA8C1300040FCE9 /* Base */ = {isa = PBXFileReference; lastKnownFileType = file.xib; name = Base; path = Base.lproj/LaunchScreen.xib; sourceTree = "<group>"; };
		61CF0FB31AA8C1310040FCE9 /* Tumbling DKTests.xctest */ = {isa = PBXFileReference; explicitFileType = wrapper.cfbundle; includeInIndex = 0; path = "Tumbling DKTests.xctest"; sourceTree = BUILT_PRODUCTS_DIR; };
		61CF0FB81AA8C1310040FCE9 /* Info.plist */ = {isa = PBXFileReference; lastKnownFileType = text.plist.xml; path = Info.plist; sourceTree = "<group>"; };
		61CF0FB91AA8C1310040FCE9 /* Tumbling_DKTests.swift */ = {isa = PBXFileReference; lastKnownFileType = sourcecode.swift; path = Tumbling_DKTests.swift; sourceTree = "<group>"; };
		61CF0FC31AA8C1EA0040FCE9 /* Parse.framework */ = {isa = PBXFileReference; lastKnownFileType = wrapper.framework; path = Parse.framework; sourceTree = "<group>"; };
		61CF0FC61AA8C23E0040FCE9 /* AudioToolbox.framework */ = {isa = PBXFileReference; lastKnownFileType = wrapper.framework; name = AudioToolbox.framework; path = System/Library/Frameworks/AudioToolbox.framework; sourceTree = SDKROOT; };
		61CF0FC81AA8C2480040FCE9 /* CFNetwork.framework */ = {isa = PBXFileReference; lastKnownFileType = wrapper.framework; name = CFNetwork.framework; path = System/Library/Frameworks/CFNetwork.framework; sourceTree = SDKROOT; };
		61CF0FCA1AA8C2500040FCE9 /* CoreGraphics.framework */ = {isa = PBXFileReference; lastKnownFileType = wrapper.framework; name = CoreGraphics.framework; path = System/Library/Frameworks/CoreGraphics.framework; sourceTree = SDKROOT; };
		61CF0FCC1AA8C2590040FCE9 /* CoreLocation.framework */ = {isa = PBXFileReference; lastKnownFileType = wrapper.framework; name = CoreLocation.framework; path = System/Library/Frameworks/CoreLocation.framework; sourceTree = SDKROOT; };
		61CF0FCE1AA8C2620040FCE9 /* MobileCoreServices.framework */ = {isa = PBXFileReference; lastKnownFileType = wrapper.framework; name = MobileCoreServices.framework; path = System/Library/Frameworks/MobileCoreServices.framework; sourceTree = SDKROOT; };
		61CF0FD01AA8C2690040FCE9 /* QuartzCore.framework */ = {isa = PBXFileReference; lastKnownFileType = wrapper.framework; name = QuartzCore.framework; path = System/Library/Frameworks/QuartzCore.framework; sourceTree = SDKROOT; };
		61CF0FD21AA8C2700040FCE9 /* Security.framework */ = {isa = PBXFileReference; lastKnownFileType = wrapper.framework; name = Security.framework; path = System/Library/Frameworks/Security.framework; sourceTree = SDKROOT; };
		61CF0FD41AA8C2760040FCE9 /* StoreKit.framework */ = {isa = PBXFileReference; lastKnownFileType = wrapper.framework; name = StoreKit.framework; path = System/Library/Frameworks/StoreKit.framework; sourceTree = SDKROOT; };
		61CF0FD61AA8C27E0040FCE9 /* SystemConfiguration.framework */ = {isa = PBXFileReference; lastKnownFileType = wrapper.framework; name = SystemConfiguration.framework; path = System/Library/Frameworks/SystemConfiguration.framework; sourceTree = SDKROOT; };
		61CF0FD81AA8C2870040FCE9 /* libz.dylib */ = {isa = PBXFileReference; lastKnownFileType = "compiled.mach-o.dylib"; name = libz.dylib; path = usr/lib/libz.dylib; sourceTree = SDKROOT; };
		61CF0FDA1AA8C2900040FCE9 /* libsqlite3.dylib */ = {isa = PBXFileReference; lastKnownFileType = "compiled.mach-o.dylib"; name = libsqlite3.dylib; path = usr/lib/libsqlite3.dylib; sourceTree = SDKROOT; };
		61CF0FDC1AA8C3110040FCE9 /* Tumbling DK-Bridging-Header.h */ = {isa = PBXFileReference; lastKnownFileType = sourcecode.c.h; path = "Tumbling DK-Bridging-Header.h"; sourceTree = "<group>"; };
		61CF0FE01AA8D0160040FCE9 /* ParseFacebookUtils.framework */ = {isa = PBXFileReference; lastKnownFileType = wrapper.framework; path = ParseFacebookUtils.framework; sourceTree = "<group>"; };
		61CF0FE21AA8D0260040FCE9 /* Bolts.framework */ = {isa = PBXFileReference; lastKnownFileType = wrapper.framework; path = Bolts.framework; sourceTree = "<group>"; };
		61CF0FE41AA8D03B0040FCE9 /* ParseUI.framework */ = {isa = PBXFileReference; lastKnownFileType = wrapper.framework; path = ParseUI.framework; sourceTree = "<group>"; };
		61CF0FE61AA8D05C0040FCE9 /* ParseCrashReporting.framework */ = {isa = PBXFileReference; lastKnownFileType = wrapper.framework; path = ParseCrashReporting.framework; sourceTree = "<group>"; };
		61CF0FE81AA8E5790040FCE9 /* MyPlaygroundparse.playground */ = {isa = PBXFileReference; lastKnownFileType = file.playground; name = MyPlaygroundparse.playground; path = ../MyPlaygroundparse.playground; sourceTree = "<group>"; };
/* End PBXFileReference section */

/* Begin PBXFrameworksBuildPhase section */
		61CF0F981AA8C1300040FCE9 /* Frameworks */ = {
			isa = PBXFrameworksBuildPhase;
			buildActionMask = 2147483647;
			files = (
				61CF0FDB1AA8C2900040FCE9 /* libsqlite3.dylib in Frameworks */,
				61CF0FD91AA8C2870040FCE9 /* libz.dylib in Frameworks */,
				61CF0FD71AA8C27E0040FCE9 /* SystemConfiguration.framework in Frameworks */,
				61CF0FD51AA8C2760040FCE9 /* StoreKit.framework in Frameworks */,
				61CF0FD31AA8C2700040FCE9 /* Security.framework in Frameworks */,
				61CF0FD11AA8C2690040FCE9 /* QuartzCore.framework in Frameworks */,
				61CF0FCF1AA8C2620040FCE9 /* MobileCoreServices.framework in Frameworks */,
				61CF0FCD1AA8C2590040FCE9 /* CoreLocation.framework in Frameworks */,
				61CF0FCB1AA8C2500040FCE9 /* CoreGraphics.framework in Frameworks */,
				61CF0FC91AA8C2480040FCE9 /* CFNetwork.framework in Frameworks */,
				61CF0FC71AA8C23E0040FCE9 /* AudioToolbox.framework in Frameworks */,
				61CF0FC41AA8C1EA0040FCE9 /* Parse.framework in Frameworks */,
				61CF0FE51AA8D03B0040FCE9 /* ParseUI.framework in Frameworks */,
				61CF0FE11AA8D0160040FCE9 /* ParseFacebookUtils.framework in Frameworks */,
				61CF0FE31AA8D0260040FCE9 /* Bolts.framework in Frameworks */,
				61CF0FE71AA8D05C0040FCE9 /* ParseCrashReporting.framework in Frameworks */,
			);
			runOnlyForDeploymentPostprocessing = 0;
		};
		61CF0FB01AA8C1310040FCE9 /* Frameworks */ = {
			isa = PBXFrameworksBuildPhase;
			buildActionMask = 2147483647;
			files = (
			);
			runOnlyForDeploymentPostprocessing = 0;
		};
/* End PBXFrameworksBuildPhase section */

/* Begin PBXGroup section */
		615EF6F01ACFEC9000FA618A /* TopTumbler */ = {
			isa = PBXGroup;
			children = (
				613E681F1AB4C084007C21DB /* TopTumblersScreen.swift */,
				615EF6F31ACFEDA100FA618A /* CustomCellSec.swift */,
			);
			name = TopTumbler;
			sourceTree = "<group>";
		};
		616951331ABC62F6009E89A4 /* HomeScreen */ = {
			isa = PBXGroup;
			children = (
				613E67FA1AB31F85007C21DB /* CustomCell.swift */,
				613E67FE1AB32170007C21DB /* Category.swift */,
				613E67FC1AB320AD007C21DB /* HomeScreen.swift */,
			);
			name = HomeScreen;
			sourceTree = "<group>";
		};
		616951341ABC6331009E89A4 /* VideoScreen */ = {
			isa = PBXGroup;
			children = (
				616951371ABC63AB009E89A4 /* VideoCell.swift */,
				616951351ABC6377009E89A4 /* Videos.swift */,
				613E68231AB4C0BB007C21DB /* VideoScreen.swift */,
				613E68211AB4C0A5007C21DB /* RecordsScreen.swift */,
			);
			name = VideoScreen;
			sourceTree = "<group>";
		};
		61CF0F921AA8C1300040FCE9 = {
			isa = PBXGroup;
			children = (
				61CF0FC51AA8C1EF0040FCE9 /* Frameworks */,
				61CF0F9D1AA8C1300040FCE9 /* Tumbling DK */,
				61CF0FB61AA8C1310040FCE9 /* Tumbling DKTests */,
				61CF0F9C1AA8C1300040FCE9 /* Products */,
				61CF0FDC1AA8C3110040FCE9 /* Tumbling DK-Bridging-Header.h */,
			);
			sourceTree = "<group>";
		};
		61CF0F9C1AA8C1300040FCE9 /* Products */ = {
			isa = PBXGroup;
			children = (
				61CF0F9B1AA8C1300040FCE9 /* Tumbling DK.app */,
				61CF0FB31AA8C1310040FCE9 /* Tumbling DKTests.xctest */,
			);
			name = Products;
			sourceTree = "<group>";
		};
		61CF0F9D1AA8C1300040FCE9 /* Tumbling DK */ = {
			isa = PBXGroup;
			children = (
				61CF0FE81AA8E5790040FCE9 /* MyPlaygroundparse.playground */,
				61CF0FA01AA8C1300040FCE9 /* AppDelegate.swift */,
				616951331ABC62F6009E89A4 /* HomeScreen */,
				616951341ABC6331009E89A4 /* VideoScreen */,
				613E68041AB32C82007C21DB /* NewsScreen.swift */,
				613E68251AB4C0D8007C21DB /* CalenderScreen.swift */,
				615EF6F01ACFEC9000FA618A /* TopTumbler */,
				6169513B1AC16592009E89A4 /* ResultScreen.swift */,
				615EF6EC1ACEF8F700FA618A /* SeccondLaunchScreen.swift */,
				613E68081AB36EDC007C21DB /* Main.storyboard */,
				61CF0FAC1AA8C1300040FCE9 /* LaunchScreen.xib */,
				61CF0FA21AA8C1300040FCE9 /* Tumbling_DK.xcdatamodeld */,
				6169513D1AC171B3009E89A4 /* Images.xcassets */,
				61CF0F9E1AA8C1300040FCE9 /* Supporting Files */,
			);
			path = "Tumbling DK";
			sourceTree = "<group>";
		};
		61CF0F9E1AA8C1300040FCE9 /* Supporting Files */ = {
			isa = PBXGroup;
			children = (
				613E67F41AB07E3B007C21DB /* menu-24.png */,
				613E680B1AB3913C007C21DB /* img1.png */,
				613E680D1AB39377007C21DB /* img2.png */,
				613E68111AB394E3007C21DB /* img3.png */,
				613E68131AB39554007C21DB /* img4.png */,
				613E68151AB3957D007C21DB /* img5.png */,
				616951391AC16410009E89A4 /* img6.png */,
				613E68171AB4A639007C21DB /* GymDanmarkTumbling.png */,
				613E68271AB50F67007C21DB /* tumblingimg.png */,
				613E68291AB615F5007C21DB /* images-4.jpeg */,
				616951311ABC49E4009E89A4 /* vmtramptumb2014-foto-fig-13.jpg */,
				61CF0F9F1AA8C1300040FCE9 /* Info.plist */,
			);
			name = "Supporting Files";
			sourceTree = "<group>";
		};
		61CF0FB61AA8C1310040FCE9 /* Tumbling DKTests */ = {
			isa = PBXGroup;
			children = (
				61CF0FB91AA8C1310040FCE9 /* Tumbling_DKTests.swift */,
				61CF0FB71AA8C1310040FCE9 /* Supporting Files */,
			);
			path = "Tumbling DKTests";
			sourceTree = "<group>";
		};
		61CF0FB71AA8C1310040FCE9 /* Supporting Files */ = {
			isa = PBXGroup;
			children = (
				61CF0FB81AA8C1310040FCE9 /* Info.plist */,
			);
			name = "Supporting Files";
			sourceTree = "<group>";
		};
		61CF0FC51AA8C1EF0040FCE9 /* Frameworks */ = {
			isa = PBXGroup;
			children = (
				61CF0FE61AA8D05C0040FCE9 /* ParseCrashReporting.framework */,
				61CF0FE41AA8D03B0040FCE9 /* ParseUI.framework */,
				61CF0FE21AA8D0260040FCE9 /* Bolts.framework */,
				61CF0FE01AA8D0160040FCE9 /* ParseFacebookUtils.framework */,
				61CF0FDA1AA8C2900040FCE9 /* libsqlite3.dylib */,
				61CF0FD81AA8C2870040FCE9 /* libz.dylib */,
				61CF0FD61AA8C27E0040FCE9 /* SystemConfiguration.framework */,
				61CF0FD41AA8C2760040FCE9 /* StoreKit.framework */,
				61CF0FD21AA8C2700040FCE9 /* Security.framework */,
				61CF0FD01AA8C2690040FCE9 /* QuartzCore.framework */,
				61CF0FCE1AA8C2620040FCE9 /* MobileCoreServices.framework */,
				61CF0FCC1AA8C2590040FCE9 /* CoreLocation.framework */,
				61CF0FCA1AA8C2500040FCE9 /* CoreGraphics.framework */,
				61CF0FC81AA8C2480040FCE9 /* CFNetwork.framework */,
				61CF0FC61AA8C23E0040FCE9 /* AudioToolbox.framework */,
				61CF0FC31AA8C1EA0040FCE9 /* Parse.framework */,
			);
			name = Frameworks;
			sourceTree = "<group>";
		};
/* End PBXGroup section */

/* Begin PBXNativeTarget section */
		61CF0F9A1AA8C1300040FCE9 /* Tumbling DK */ = {
			isa = PBXNativeTarget;
			buildConfigurationList = 61CF0FBD1AA8C1310040FCE9 /* Build configuration list for PBXNativeTarget "Tumbling DK" */;
			buildPhases = (
				61CF0F971AA8C1300040FCE9 /* Sources */,
				61CF0F981AA8C1300040FCE9 /* Frameworks */,
				61CF0F991AA8C1300040FCE9 /* Resources */,
			);
			buildRules = (
			);
			dependencies = (
			);
			name = "Tumbling DK";
			productName = "Tumbling DK";
			productReference = 61CF0F9B1AA8C1300040FCE9 /* Tumbling DK.app */;
			productType = "com.apple.product-type.application";
		};
		61CF0FB21AA8C1310040FCE9 /* Tumbling DKTests */ = {
			isa = PBXNativeTarget;
			buildConfigurationList = 61CF0FC01AA8C1310040FCE9 /* Build configuration list for PBXNativeTarget "Tumbling DKTests" */;
			buildPhases = (
				61CF0FAF1AA8C1310040FCE9 /* Sources */,
				61CF0FB01AA8C1310040FCE9 /* Frameworks */,
				61CF0FB11AA8C1310040FCE9 /* Resources */,
			);
			buildRules = (
			);
			dependencies = (
				61CF0FB51AA8C1310040FCE9 /* PBXTargetDependency */,
			);
			name = "Tumbling DKTests";
			productName = "Tumbling DKTests";
			productReference = 61CF0FB31AA8C1310040FCE9 /* Tumbling DKTests.xctest */;
			productType = "com.apple.product-type.bundle.unit-test";
		};
/* End PBXNativeTarget section */

/* Begin PBXProject section */
		61CF0F931AA8C1300040FCE9 /* Project object */ = {
			isa = PBXProject;
			attributes = {
				LastUpgradeCheck = 0610;
				ORGANIZATIONNAME = "Janus Broch Mols";
				TargetAttributes = {
					61CF0F9A1AA8C1300040FCE9 = {
						CreatedOnToolsVersion = 6.1.1;
						DevelopmentTeam = 9CRRCXUMP7;
					};
					61CF0FB21AA8C1310040FCE9 = {
						CreatedOnToolsVersion = 6.1.1;
						TestTargetID = 61CF0F9A1AA8C1300040FCE9;
					};
				};
			};
			buildConfigurationList = 61CF0F961AA8C1300040FCE9 /* Build configuration list for PBXProject "Tumbling DK" */;
			compatibilityVersion = "Xcode 3.2";
			developmentRegion = English;
			hasScannedForEncodings = 0;
			knownRegions = (
				en,
				Base,
			);
			mainGroup = 61CF0F921AA8C1300040FCE9;
			productRefGroup = 61CF0F9C1AA8C1300040FCE9 /* Products */;
			projectDirPath = "";
			projectRoot = "";
			targets = (
				61CF0F9A1AA8C1300040FCE9 /* Tumbling DK */,
				61CF0FB21AA8C1310040FCE9 /* Tumbling DKTests */,
			);
		};
/* End PBXProject section */

/* Begin PBXResourcesBuildPhase section */
		61CF0F991AA8C1300040FCE9 /* Resources */ = {
			isa = PBXResourcesBuildPhase;
			buildActionMask = 2147483647;
			files = (
				613E680E1AB39377007C21DB /* img2.png in Resources */,
				6169513A1AC16410009E89A4 /* img6.png in Resources */,
				613E68161AB3957D007C21DB /* img5.png in Resources */,
				613E682A1AB615F5007C21DB /* images-4.jpeg in Resources */,
				613E68121AB394E3007C21DB /* img3.png in Resources */,
				613E68141AB39554007C21DB /* img4.png in Resources */,
				613E68181AB4A639007C21DB /* GymDanmarkTumbling.png in Resources */,
				6169513E1AC171B3009E89A4 /* Images.xcassets in Resources */,
				616951321ABC49E4009E89A4 /* vmtramptumb2014-foto-fig-13.jpg in Resources */,
				613E67F51AB07E3B007C21DB /* menu-24.png in Resources */,
				613E68281AB50F67007C21DB /* tumblingimg.png in Resources */,
				613E680C1AB3913C007C21DB /* img1.png in Resources */,
			);
			runOnlyForDeploymentPostprocessing = 0;
		};
		61CF0FB11AA8C1310040FCE9 /* Resources */ = {
			isa = PBXResourcesBuildPhase;
			buildActionMask = 2147483647;
			files = (
			);
			runOnlyForDeploymentPostprocessing = 0;
		};
/* End PBXResourcesBuildPhase section */

/* Begin PBXSourcesBuildPhase section */
		61CF0F971AA8C1300040FCE9 /* Sources */ = {
			isa = PBXSourcesBuildPhase;
			buildActionMask = 2147483647;
			files = (
				613E67FF1AB32170007C21DB /* Category.swift in Sources */,
				613E67FD1AB320AD007C21DB /* HomeScreen.swift in Sources */,
				61CF0FA41AA8C1300040FCE9 /* Tumbling_DK.xcdatamodeld in Sources */,
				613E68241AB4C0BB007C21DB /* VideoScreen.swift in Sources */,
				613E68201AB4C084007C21DB /* TopTumblersScreen.swift in Sources */,
				613E68261AB4C0D8007C21DB /* CalenderScreen.swift in Sources */,
				6169513C1AC16592009E89A4 /* ResultScreen.swift in Sources */,
				615EF6F41ACFEDA100FA618A /* CustomCellSec.swift in Sources */,
				613E67FB1AB31F85007C21DB /* CustomCell.swift in Sources */,
				616951381ABC63AB009E89A4 /* VideoCell.swift in Sources */,
				61CF0FA11AA8C1300040FCE9 /* AppDelegate.swift in Sources */,
				616951361ABC6378009E89A4 /* Videos.swift in Sources */,
				613E68051AB32C82007C21DB /* NewsScreen.swift in Sources */,
				615EF6ED1ACEF8F700FA618A /* SeccondLaunchScreen.swift in Sources */,
				613E68221AB4C0A5007C21DB /* RecordsScreen.swift in Sources */,
			);
			runOnlyForDeploymentPostprocessing = 0;
		};
		61CF0FAF1AA8C1310040FCE9 /* Sources */ = {
			isa = PBXSourcesBuildPhase;
			buildActionMask = 2147483647;
			files = (
				61CF0FBA1AA8C1310040FCE9 /* Tumbling_DKTests.swift in Sources */,
			);
			runOnlyForDeploymentPostprocessing = 0;
		};
/* End PBXSourcesBuildPhase section */

/* Begin PBXTargetDependency section */
		61CF0FB51AA8C1310040FCE9 /* PBXTargetDependency */ = {
			isa = PBXTargetDependency;
			target = 61CF0F9A1AA8C1300040FCE9 /* Tumbling DK */;
			targetProxy = 61CF0FB41AA8C1310040FCE9 /* PBXContainerItemProxy */;
		};
/* End PBXTargetDependency section */

/* Begin PBXVariantGroup section */
		613E68081AB36EDC007C21DB /* Main.storyboard */ = {
			isa = PBXVariantGroup;
			children = (
				613E68091AB36EDC007C21DB /* Base */,
			);
			name = Main.storyboard;
			sourceTree = "<group>";
		};
		61CF0FAC1AA8C1300040FCE9 /* LaunchScreen.xib */ = {
			isa = PBXVariantGroup;
			children = (
				61CF0FAD1AA8C1300040FCE9 /* Base */,
			);
			name = LaunchScreen.xib;
			sourceTree = "<group>";
		};
/* End PBXVariantGroup section */

/* Begin XCBuildConfiguration section */
		61CF0FBB1AA8C1310040FCE9 /* Debug */ = {
			isa = XCBuildConfiguration;
			buildSettings = {
				ALWAYS_SEARCH_USER_PATHS = NO;
				CLANG_CXX_LANGUAGE_STANDARD = "gnu++0x";
				CLANG_CXX_LIBRARY = "libc++";
				CLANG_ENABLE_MODULES = YES;
				CLANG_ENABLE_OBJC_ARC = YES;
				CLANG_WARN_BOOL_CONVERSION = YES;
				CLANG_WARN_CONSTANT_CONVERSION = YES;
				CLANG_WARN_DIRECT_OBJC_ISA_USAGE = YES_ERROR;
				CLANG_WARN_EMPTY_BODY = YES;
				CLANG_WARN_ENUM_CONVERSION = YES;
				CLANG_WARN_INT_CONVERSION = YES;
				CLANG_WARN_OBJC_ROOT_CLASS = YES_ERROR;
				CLANG_WARN_UNREACHABLE_CODE = YES;
				CLANG_WARN__DUPLICATE_METHOD_MATCH = YES;
				"CODE_SIGN_IDENTITY[sdk=iphoneos*]" = "iPhone Developer";
				COPY_PHASE_STRIP = NO;
				ENABLE_STRICT_OBJC_MSGSEND = YES;
				GCC_C_LANGUAGE_STANDARD = gnu99;
				GCC_DYNAMIC_NO_PIC = NO;
				GCC_OPTIMIZATION_LEVEL = 0;
				GCC_PREPROCESSOR_DEFINITIONS = (
					"DEBUG=1",
					"$(inherited)",
				);
				GCC_SYMBOLS_PRIVATE_EXTERN = NO;
				GCC_WARN_64_TO_32_BIT_CONVERSION = YES;
				GCC_WARN_ABOUT_RETURN_TYPE = YES_ERROR;
				GCC_WARN_UNDECLARED_SELECTOR = YES;
				GCC_WARN_UNINITIALIZED_AUTOS = YES_AGGRESSIVE;
				GCC_WARN_UNUSED_FUNCTION = YES;
				GCC_WARN_UNUSED_VARIABLE = YES;
				IPHONEOS_DEPLOYMENT_TARGET = 8.1;
				MTL_ENABLE_DEBUG_INFO = YES;
				ONLY_ACTIVE_ARCH = YES;
				SDKROOT = iphoneos;
				SWIFT_OPTIMIZATION_LEVEL = "-Onone";
				TARGETED_DEVICE_FAMILY = "1,2";
			};
			name = Debug;
		};
		61CF0FBC1AA8C1310040FCE9 /* Release */ = {
			isa = XCBuildConfiguration;
			buildSettings = {
				ALWAYS_SEARCH_USER_PATHS = NO;
				CLANG_CXX_LANGUAGE_STANDARD = "gnu++0x";
				CLANG_CXX_LIBRARY = "libc++";
				CLANG_ENABLE_MODULES = YES;
				CLANG_ENABLE_OBJC_ARC = YES;
				CLANG_WARN_BOOL_CONVERSION = YES;
				CLANG_WARN_CONSTANT_CONVERSION = YES;
				CLANG_WARN_DIRECT_OBJC_ISA_USAGE = YES_ERROR;
				CLANG_WARN_EMPTY_BODY = YES;
				CLANG_WARN_ENUM_CONVERSION = YES;
				CLANG_WARN_INT_CONVERSION = YES;
				CLANG_WARN_OBJC_ROOT_CLASS = YES_ERROR;
				CLANG_WARN_UNREACHABLE_CODE = YES;
				CLANG_WARN__DUPLICATE_METHOD_MATCH = YES;
				"CODE_SIGN_IDENTITY[sdk=iphoneos*]" = "iPhone Developer";
				COPY_PHASE_STRIP = YES;
				ENABLE_NS_ASSERTIONS = NO;
				ENABLE_STRICT_OBJC_MSGSEND = YES;
				GCC_C_LANGUAGE_STANDARD = gnu99;
				GCC_WARN_64_TO_32_BIT_CONVERSION = YES;
				GCC_WARN_ABOUT_RETURN_TYPE = YES_ERROR;
				GCC_WARN_UNDECLARED_SELECTOR = YES;
				GCC_WARN_UNINITIALIZED_AUTOS = YES_AGGRESSIVE;
				GCC_WARN_UNUSED_FUNCTION = YES;
				GCC_WARN_UNUSED_VARIABLE = YES;
				IPHONEOS_DEPLOYMENT_TARGET = 8.1;
				MTL_ENABLE_DEBUG_INFO = NO;
				SDKROOT = iphoneos;
				TARGETED_DEVICE_FAMILY = "1,2";
				VALIDATE_PRODUCT = YES;
			};
			name = Release;
		};
		61CF0FBE1AA8C1310040FCE9 /* Debug */ = {
			isa = XCBuildConfiguration;
			buildSettings = {
				ASSETCATALOG_COMPILER_APPICON_NAME = AppIcon;
				ASSETCATALOG_COMPILER_LAUNCHIMAGE_NAME = LaunchImage;
				CLANG_ENABLE_MODULES = YES;
				CODE_SIGN_IDENTITY = "iPhone Developer: Janus Broch Mols (M39TS7BTWW)";
				"CODE_SIGN_IDENTITY[sdk=*]" = "iPhone Developer: Janus Broch Mols (M39TS7BTWW)";
				FRAMEWORK_SEARCH_PATHS = (
					"$(inherited)",
					"$(PROJECT_DIR)",
				);
				INFOPLIST_FILE = "Tumbling DK/Info.plist";
				LD_RUNPATH_SEARCH_PATHS = "$(inherited) @executable_path/Frameworks";
				PRODUCT_NAME = "$(TARGET_NAME)";
				PROVISIONING_PROFILE = "b948828f-c693-492f-8139-3e4c60cf4ae4";
				SWIFT_OBJC_BRIDGING_HEADER = "Tumbling DK-Bridging-Header.h";
				SWIFT_OPTIMIZATION_LEVEL = "-Onone";
				TARGETED_DEVICE_FAMILY = 1;
			};
			name = Debug;
		};
		61CF0FBF1AA8C1310040FCE9 /* Release */ = {
			isa = XCBuildConfiguration;
			buildSettings = {
				ASSETCATALOG_COMPILER_APPICON_NAME = AppIcon;
				ASSETCATALOG_COMPILER_LAUNCHIMAGE_NAME = LaunchImage;
				CLANG_ENABLE_MODULES = YES;
				CODE_SIGN_IDENTITY = "iPhone Developer: Janus Broch Mols (M39TS7BTWW)";
				"CODE_SIGN_IDENTITY[sdk=iphoneos*]" = "iPhone Developer: Janus Broch Mols (M39TS7BTWW)";
				FRAMEWORK_SEARCH_PATHS = (
					"$(inherited)",
					"$(PROJECT_DIR)",
				);
				INFOPLIST_FILE = "Tumbling DK/Info.plist";
				LD_RUNPATH_SEARCH_PATHS = "$(inherited) @executable_path/Frameworks";
				PRODUCT_NAME = "$(TARGET_NAME)";
				PROVISIONING_PROFILE = "b948828f-c693-492f-8139-3e4c60cf4ae4";
				SWIFT_OBJC_BRIDGING_HEADER = "Tumbling DK-Bridging-Header.h";
				SWIFT_OPTIMIZATION_LEVEL = "-O";
				TARGETED_DEVICE_FAMILY = 1;
			};
			name = Release;
		};
		61CF0FC11AA8C1310040FCE9 /* Debug */ = {
			isa = XCBuildConfiguration;
			buildSettings = {
				BUNDLE_LOADER = "$(TEST_HOST)";
				FRAMEWORK_SEARCH_PATHS = (
					"$(SDKROOT)/Developer/Library/Frameworks",
					"$(inherited)",
				);
				GCC_PREPROCESSOR_DEFINITIONS = (
					"DEBUG=1",
					"$(inherited)",
				);
				INFOPLIST_FILE = "Tumbling DKTests/Info.plist";
				LD_RUNPATH_SEARCH_PATHS = "$(inherited) @executable_path/Frameworks @loader_path/Frameworks";
				PRODUCT_NAME = "$(TARGET_NAME)";
				TEST_HOST = "$(BUILT_PRODUCTS_DIR)/Tumbling DK.app/Tumbling DK";
			};
			name = Debug;
		};
		61CF0FC21AA8C1310040FCE9 /* Release */ = {
			isa = XCBuildConfiguration;
			buildSettings = {
				BUNDLE_LOADER = "$(TEST_HOST)";
				FRAMEWORK_SEARCH_PATHS = (
					"$(SDKROOT)/Developer/Library/Frameworks",
					"$(inherited)",
				);
				INFOPLIST_FILE = "Tumbling DKTests/Info.plist";
				LD_RUNPATH_SEARCH_PATHS = "$(inherited) @executable_path/Frameworks @loader_path/Frameworks";
				PRODUCT_NAME = "$(TARGET_NAME)";
				TEST_HOST = "$(BUILT_PRODUCTS_DIR)/Tumbling DK.app/Tumbling DK";
			};
			name = Release;
		};
/* End XCBuildConfiguration section */

/* Begin XCConfigurationList section */
		61CF0F961AA8C1300040FCE9 /* Build configuration list for PBXProject "Tumbling DK" */ = {
			isa = XCConfigurationList;
			buildConfigurations = (
				61CF0FBB1AA8C1310040FCE9 /* Debug */,
				61CF0FBC1AA8C1310040FCE9 /* Release */,
			);
			defaultConfigurationIsVisible = 0;
			defaultConfigurationName = Release;
		};
		61CF0FBD1AA8C1310040FCE9 /* Build configuration list for PBXNativeTarget "Tumbling DK" */ = {
			isa = XCConfigurationList;
			buildConfigurations = (
				61CF0FBE1AA8C1310040FCE9 /* Debug */,
				61CF0FBF1AA8C1310040FCE9 /* Release */,
			);
			defaultConfigurationIsVisible = 0;
			defaultConfigurationName = Release;
		};
		61CF0FC01AA8C1310040FCE9 /* Build configuration list for PBXNativeTarget "Tumbling DKTests" */ = {
			isa = XCConfigurationList;
			buildConfigurations = (
				61CF0FC11AA8C1310040FCE9 /* Debug */,
				61CF0FC21AA8C1310040FCE9 /* Release */,
			);
			defaultConfigurationIsVisible = 0;
			defaultConfigurationName = Release;
		};
/* End XCConfigurationList section */

/* Begin XCVersionGroup section */
		61CF0FA21AA8C1300040FCE9 /* Tumbling_DK.xcdatamodeld */ = {
			isa = XCVersionGroup;
			children = (
				61CF0FA31AA8C1300040FCE9 /* Tumbling_DK.xcdatamodel */,
			);
			currentVersion = 61CF0FA31AA8C1300040FCE9 /* Tumbling_DK.xcdatamodel */;
			path = Tumbling_DK.xcdatamodeld;
			sourceTree = "<group>";
			versionGroupType = wrapper.xcdatamodel;
		};
/* End XCVersionGroup section */
	};
	rootObject = 61CF0F931AA8C1300040FCE9 /* Project object */;
}
